// !$*UTF8*$!
{
	archiveVersion = 1;
	classes = {
	};
	objectVersion = 50;
	objects = {

/* Begin PBXBuildFile section */
		A491605621154521000B7BA6 /* AppDelegate.m in Sources */ = {isa = PBXBuildFile; fileRef = A491605521154521000B7BA6 /* AppDelegate.m */; };
		A491605921154521000B7BA6 /* ViewController.m in Sources */ = {isa = PBXBuildFile; fileRef = A491605821154521000B7BA6 /* ViewController.m */; };
		A491605C21154521000B7BA6 /* Main.storyboard in Resources */ = {isa = PBXBuildFile; fileRef = A491605A21154521000B7BA6 /* Main.storyboard */; };
		A491605E21154522000B7BA6 /* Assets.xcassets in Resources */ = {isa = PBXBuildFile; fileRef = A491605D21154522000B7BA6 /* Assets.xcassets */; };
		A491606121154522000B7BA6 /* LaunchScreen.storyboard in Resources */ = {isa = PBXBuildFile; fileRef = A491605F21154522000B7BA6 /* LaunchScreen.storyboard */; };
		A491606421154522000B7BA6 /* main.m in Sources */ = {isa = PBXBuildFile; fileRef = A491606321154522000B7BA6 /* main.m */; };
		A491606E21154522000B7BA6 /* UITableViewPreloadingTests.m in Sources */ = {isa = PBXBuildFile; fileRef = A491606D21154522000B7BA6 /* UITableViewPreloadingTests.m */; };
		A491607921154522000B7BA6 /* UITableViewPreloadingUITests.m in Sources */ = {isa = PBXBuildFile; fileRef = A491607821154522000B7BA6 /* UITableViewPreloadingUITests.m */; };
/* End PBXBuildFile section */

/* Begin PBXContainerItemProxy section */
		A491606A21154522000B7BA6 /* PBXContainerItemProxy */ = {
			isa = PBXContainerItemProxy;
			containerPortal = A491604921154521000B7BA6 /* Project object */;
			proxyType = 1;
			remoteGlobalIDString = A491605021154521000B7BA6;
			remoteInfo = UITableViewPreloading;
		};
		A491607521154522000B7BA6 /* PBXContainerItemProxy */ = {
			isa = PBXContainerItemProxy;
			containerPortal = A491604921154521000B7BA6 /* Project object */;
			proxyType = 1;
			remoteGlobalIDString = A491605021154521000B7BA6;
			remoteInfo = UITableViewPreloading;
		};
/* End PBXContainerItemProxy section */

/* Begin PBXFileReference section */
		A491605121154521000B7BA6 /* UITableViewPreloading.app */ = {isa = PBXFileReference; explicitFileType = wrapper.application; includeInIndex = 0; path = UITableViewPreloading.app; sourceTree = BUILT_PRODUCTS_DIR; };
		A491605421154521000B7BA6 /* AppDelegate.h */ = {isa = PBXFileReference; lastKnownFileType = sourcecode.c.h; path = AppDelegate.h; sourceTree = "<group>"; };
		A491605521154521000B7BA6 /* AppDelegate.m */ = {isa = PBXFileReference; lastKnownFileType = sourcecode.c.objc; path = AppDelegate.m; sourceTree = "<group>"; };
		A491605721154521000B7BA6 /* ViewController.h */ = {isa = PBXFileReference; lastKnownFileType = sourcecode.c.h; path = ViewController.h; sourceTree = "<group>"; };
		A491605821154521000B7BA6 /* ViewController.m */ = {isa = PBXFileReference; lastKnownFileType = sourcecode.c.objc; path = ViewController.m; sourceTree = "<group>"; };
		A491605B21154521000B7BA6 /* Base */ = {isa = PBXFileReference; lastKnownFileType = file.storyboard; name = Base; path = Base.lproj/Main.storyboard; sourceTree = "<group>"; };
		A491605D21154522000B7BA6 /* Assets.xcassets */ = {isa = PBXFileReference; lastKnownFileType = folder.assetcatalog; path = Assets.xcassets; sourceTree = "<group>"; };
		A491606021154522000B7BA6 /* Base */ = {isa = PBXFileReference; lastKnownFileType = file.storyboard; name = Base; path = Base.lproj/LaunchScreen.storyboard; sourceTree = "<group>"; };
		A491606221154522000B7BA6 /* Info.plist */ = {isa = PBXFileReference; lastKnownFileType = text.plist.xml; path = Info.plist; sourceTree = "<group>"; };
		A491606321154522000B7BA6 /* main.m */ = {isa = PBXFileReference; lastKnownFileType = sourcecode.c.objc; path = main.m; sourceTree = "<group>"; };
		A491606921154522000B7BA6 /* UITableViewPreloadingTests.xctest */ = {isa = PBXFileReference; explicitFileType = wrapper.cfbundle; includeInIndex = 0; path = UITableViewPreloadingTests.xctest; sourceTree = BUILT_PRODUCTS_DIR; };
		A491606D21154522000B7BA6 /* UITableViewPreloadingTests.m */ = {isa = PBXFileReference; lastKnownFileType = sourcecode.c.objc; path = UITableViewPreloadingTests.m; sourceTree = "<group>"; };
		A491606F21154522000B7BA6 /* Info.plist */ = {isa = PBXFileReference; lastKnownFileType = text.plist.xml; path = Info.plist; sourceTree = "<group>"; };
		A491607421154522000B7BA6 /* UITableViewPreloadingUITests.xctest */ = {isa = PBXFileReference; explicitFileType = wrapper.cfbundle; includeInIndex = 0; path = UITableViewPreloadingUITests.xctest; sourceTree = BUILT_PRODUCTS_DIR; };
		A491607821154522000B7BA6 /* UITableViewPreloadingUITests.m */ = {isa = PBXFileReference; lastKnownFileType = sourcecode.c.objc; path = UITableViewPreloadingUITests.m; sourceTree = "<group>"; };
		A491607A21154522000B7BA6 /* Info.plist */ = {isa = PBXFileReference; lastKnownFileType = text.plist.xml; path = Info.plist; sourceTree = "<group>"; };
/* End PBXFileReference section */

/* Begin PBXFrameworksBuildPhase section */
		A491604E21154521000B7BA6 /* Frameworks */ = {
			isa = PBXFrameworksBuildPhase;
			buildActionMask = 2147483647;
			files = (
			);
			runOnlyForDeploymentPostprocessing = 0;
		};
		A491606621154522000B7BA6 /* Frameworks */ = {
			isa = PBXFrameworksBuildPhase;
			buildActionMask = 2147483647;
			files = (
			);
			runOnlyForDeploymentPostprocessing = 0;
		};
		A491607121154522000B7BA6 /* Frameworks */ = {
			isa = PBXFrameworksBuildPhase;
			buildActionMask = 2147483647;
			files = (
			);
			runOnlyForDeploymentPostprocessing = 0;
		};
/* End PBXFrameworksBuildPhase section */

/* Begin PBXGroup section */
		A491604821154521000B7BA6 = {
			isa = PBXGroup;
			children = (
				A491605321154521000B7BA6 /* UITableViewPreloading */,
				A491606C21154522000B7BA6 /* UITableViewPreloadingTests */,
				A491607721154522000B7BA6 /* UITableViewPreloadingUITests */,
				A491605221154521000B7BA6 /* Products */,
			);
			sourceTree = "<group>";
		};
		A491605221154521000B7BA6 /* Products */ = {
			isa = PBXGroup;
			children = (
				A491605121154521000B7BA6 /* UITableViewPreloading.app */,
				A491606921154522000B7BA6 /* UITableViewPreloadingTests.xctest */,
				A491607421154522000B7BA6 /* UITableViewPreloadingUITests.xctest */,
			);
			name = Products;
			sourceTree = "<group>";
		};
		A491605321154521000B7BA6 /* UITableViewPreloading */ = {
			isa = PBXGroup;
			children = (
				A491605421154521000B7BA6 /* AppDelegate.h */,
				A491605521154521000B7BA6 /* AppDelegate.m */,
				A491605721154521000B7BA6 /* ViewController.h */,
				A491605821154521000B7BA6 /* ViewController.m */,
				A491605A21154521000B7BA6 /* Main.storyboard */,
				A491605D21154522000B7BA6 /* Assets.xcassets */,
				A491605F21154522000B7BA6 /* LaunchScreen.storyboard */,
				A491606221154522000B7BA6 /* Info.plist */,
				A491606321154522000B7BA6 /* main.m */,
			);
			path = UITableViewPreloading;
			sourceTree = "<group>";
		};
		A491606C21154522000B7BA6 /* UITableViewPreloadingTests */ = {
			isa = PBXGroup;
			children = (
				A491606D21154522000B7BA6 /* UITableViewPreloadingTests.m */,
				A491606F21154522000B7BA6 /* Info.plist */,
			);
			path = UITableViewPreloadingTests;
			sourceTree = "<group>";
		};
		A491607721154522000B7BA6 /* UITableViewPreloadingUITests */ = {
			isa = PBXGroup;
			children = (
				A491607821154522000B7BA6 /* UITableViewPreloadingUITests.m */,
				A491607A21154522000B7BA6 /* Info.plist */,
			);
			path = UITableViewPreloadingUITests;
			sourceTree = "<group>";
		};
/* End PBXGroup section */

/* Begin PBXNativeTarget section */
		A491605021154521000B7BA6 /* UITableViewPreloading */ = {
			isa = PBXNativeTarget;
			buildConfigurationList = A491607D21154522000B7BA6 /* Build configuration list for PBXNativeTarget "UITableViewPreloading" */;
			buildPhases = (
				A491604D21154521000B7BA6 /* Sources */,
				A491604E21154521000B7BA6 /* Frameworks */,
				A491604F21154521000B7BA6 /* Resources */,
			);
			buildRules = (
			);
			dependencies = (
			);
			name = UITableViewPreloading;
			productName = UITableViewPreloading;
			productReference = A491605121154521000B7BA6 /* UITableViewPreloading.app */;
			productType = "com.apple.product-type.application";
		};
		A491606821154522000B7BA6 /* UITableViewPreloadingTests */ = {
			isa = PBXNativeTarget;
			buildConfigurationList = A491608021154522000B7BA6 /* Build configuration list for PBXNativeTarget "UITableViewPreloadingTests" */;
			buildPhases = (
				A491606521154522000B7BA6 /* Sources */,
				A491606621154522000B7BA6 /* Frameworks */,
				A491606721154522000B7BA6 /* Resources */,
			);
			buildRules = (
			);
			dependencies = (
				A491606B21154522000B7BA6 /* PBXTargetDependency */,
			);
			name = UITableViewPreloadingTests;
			productName = UITableViewPreloadingTests;
			productReference = A491606921154522000B7BA6 /* UITableViewPreloadingTests.xctest */;
			productType = "com.apple.product-type.bundle.unit-test";
		};
		A491607321154522000B7BA6 /* UITableViewPreloadingUITests */ = {
			isa = PBXNativeTarget;
			buildConfigurationList = A491608321154522000B7BA6 /* Build configuration list for PBXNativeTarget "UITableViewPreloadingUITests" */;
			buildPhases = (
				A491607021154522000B7BA6 /* Sources */,
				A491607121154522000B7BA6 /* Frameworks */,
				A491607221154522000B7BA6 /* Resources */,
			);
			buildRules = (
			);
			dependencies = (
				A491607621154522000B7BA6 /* PBXTargetDependency */,
			);
			name = UITableViewPreloadingUITests;
			productName = UITableViewPreloadingUITests;
			productReference = A491607421154522000B7BA6 /* UITableViewPreloadingUITests.xctest */;
			productType = "com.apple.product-type.bundle.ui-testing";
		};
/* End PBXNativeTarget section */

/* Begin PBXProject section */
		A491604921154521000B7BA6 /* Project object */ = {
			isa = PBXProject;
			attributes = {
				LastUpgradeCheck = 0940;
				ORGANIZATIONNAME = Sun;
				TargetAttributes = {
					A491605021154521000B7BA6 = {
						CreatedOnToolsVersion = 9.4.1;
					};
					A491606821154522000B7BA6 = {
						CreatedOnToolsVersion = 9.4.1;
						TestTargetID = A491605021154521000B7BA6;
					};
					A491607321154522000B7BA6 = {
						CreatedOnToolsVersion = 9.4.1;
						TestTargetID = A491605021154521000B7BA6;
					};
				};
			};
			buildConfigurationList = A491604C21154521000B7BA6 /* Build configuration list for PBXProject "UITableViewPreloading" */;
			compatibilityVersion = "Xcode 9.3";
			developmentRegion = en;
			hasScannedForEncodings = 0;
			knownRegions = (
				en,
				Base,
			);
			mainGroup = A491604821154521000B7BA6;
			productRefGroup = A491605221154521000B7BA6 /* Products */;
			projectDirPath = "";
			projectRoot = "";
			targets = (
				A491605021154521000B7BA6 /* UITableViewPreloading */,
				A491606821154522000B7BA6 /* UITableViewPreloadingTests */,
				A491607321154522000B7BA6 /* UITableViewPreloadingUITests */,
			);
		};
/* End PBXProject section */

/* Begin PBXResourcesBuildPhase section */
		A491604F21154521000B7BA6 /* Resources */ = {
			isa = PBXResourcesBuildPhase;
			buildActionMask = 2147483647;
			files = (
				A491606121154522000B7BA6 /* LaunchScreen.storyboard in Resources */,
				A491605E21154522000B7BA6 /* Assets.xcassets in Resources */,
				A491605C21154521000B7BA6 /* Main.storyboard in Resources */,
			);
			runOnlyForDeploymentPostprocessing = 0;
		};
		A491606721154522000B7BA6 /* Resources */ = {
			isa = PBXResourcesBuildPhase;
			buildActionMask = 2147483647;
			files = (
			);
			runOnlyForDeploymentPostprocessing = 0;
		};
		A491607221154522000B7BA6 /* Resources */ = {
			isa = PBXResourcesBuildPhase;
			buildActionMask = 2147483647;
			files = (
			);
			runOnlyForDeploymentPostprocessing = 0;
		};
/* End PBXResourcesBuildPhase section */

/* Begin PBXSourcesBuildPhase section */
		A491604D21154521000B7BA6 /* Sources */ = {
			isa = PBXSourcesBuildPhase;
			buildActionMask = 2147483647;
			files = (
				A491605921154521000B7BA6 /* ViewController.m in Sources */,
				A491606421154522000B7BA6 /* main.m in Sources */,
				A491605621154521000B7BA6 /* AppDelegate.m in Sources */,
			);
			runOnlyForDeploymentPostprocessing = 0;
		};
		A491606521154522000B7BA6 /* Sources */ = {
			isa = PBXSourcesBuildPhase;
			buildActionMask = 2147483647;
			files = (
				A491606E21154522000B7BA6 /* UITableViewPreloadingTests.m in Sources */,
			);
			runOnlyForDeploymentPostprocessing = 0;
		};
		A491607021154522000B7BA6 /* Sources */ = {
			isa = PBXSourcesBuildPhase;
			buildActionMask = 2147483647;
			files = (
				A491607921154522000B7BA6 /* UITableViewPreloadingUITests.m in Sources */,
			);
			runOnlyForDeploymentPostprocessing = 0;
		};
/* End PBXSourcesBuildPhase section */

/* Begin PBXTargetDependency section */
		A491606B21154522000B7BA6 /* PBXTargetDependency */ = {
			isa = PBXTargetDependency;
			target = A491605021154521000B7BA6 /* UITableViewPreloading */;
			targetProxy = A491606A21154522000B7BA6 /* PBXContainerItemProxy */;
		};
		A491607621154522000B7BA6 /* PBXTargetDependency */ = {
			isa = PBXTargetDependency;
			target = A491605021154521000B7BA6 /* UITableViewPreloading */;
			targetProxy = A491607521154522000B7BA6 /* PBXContainerItemProxy */;
		};
/* End PBXTargetDependency section */

/* Begin PBXVariantGroup section */
		A491605A21154521000B7BA6 /* Main.storyboard */ = {
			isa = PBXVariantGroup;
			children = (
				A491605B21154521000B7BA6 /* Base */,
			);
			name = Main.storyboard;
			sourceTree = "<group>";
		};
		A491605F21154522000B7BA6 /* LaunchScreen.storyboard */ = {
			isa = PBXVariantGroup;
			children = (
				A491606021154522000B7BA6 /* Base */,
			);
			name = LaunchScreen.storyboard;
			sourceTree = "<group>";
		};
/* End PBXVariantGroup section */

/* Begin XCBuildConfiguration section */
		A491607B21154522000B7BA6 /* Debug */ = {
			isa = XCBuildConfiguration;
			buildSettings = {
				ALWAYS_SEARCH_USER_PATHS = NO;
				CLANG_ANALYZER_NONNULL = YES;
				CLANG_ANALYZER_NUMBER_OBJECT_CONVERSION = YES_AGGRESSIVE;
				CLANG_CXX_LANGUAGE_STANDARD = "gnu++14";
				CLANG_CXX_LIBRARY = "libc++";
				CLANG_ENABLE_MODULES = YES;
				CLANG_ENABLE_OBJC_ARC = YES;
				CLANG_ENABLE_OBJC_WEAK = YES;
				CLANG_WARN_BLOCK_CAPTURE_AUTORELEASING = YES;
				CLANG_WARN_BOOL_CONVERSION = YES;
				CLANG_WARN_COMMA = YES;
				CLANG_WARN_CONSTANT_CONVERSION = YES;
				CLANG_WARN_DEPRECATED_OBJC_IMPLEMENTATIONS = YES;
				CLANG_WARN_DIRECT_OBJC_ISA_USAGE = YES_ERROR;
				CLANG_WARN_DOCUMENTATION_COMMENTS = YES;
				CLANG_WARN_EMPTY_BODY = YES;
				CLANG_WARN_ENUM_CONVERSION = YES;
				CLANG_WARN_INFINITE_RECURSION = YES;
				CLANG_WARN_INT_CONVERSION = YES;
				CLANG_WARN_NON_LITERAL_NULL_CONVERSION = YES;
				CLANG_WARN_OBJC_IMPLICIT_RETAIN_SELF = YES;
				CLANG_WARN_OBJC_LITERAL_CONVERSION = YES;
				CLANG_WARN_OBJC_ROOT_CLASS = YES_ERROR;
				CLANG_WARN_RANGE_LOOP_ANALYSIS = YES;
				CLANG_WARN_STRICT_PROTOTYPES = YES;
				CLANG_WARN_SUSPICIOUS_MOVE = YES;
				CLANG_WARN_UNGUARDED_AVAILABILITY = YES_AGGRESSIVE;
				CLANG_WARN_UNREACHABLE_CODE = YES;
				CLANG_WARN__DUPLICATE_METHOD_MATCH = YES;
				CODE_SIGN_IDENTITY = "iPhone Developer";
				COPY_PHASE_STRIP = NO;
				DEBUG_INFORMATION_FORMAT = dwarf;
				ENABLE_STRICT_OBJC_MSGSEND = YES;
				ENABLE_TESTABILITY = YES;
				GCC_C_LANGUAGE_STANDARD = gnu11;
				GCC_DYNAMIC_NO_PIC = NO;
				GCC_NO_COMMON_BLOCKS = YES;
				GCC_OPTIMIZATION_LEVEL = 0;
				GCC_PREPROCESSOR_DEFINITIONS = (
					"DEBUG=1",
					"$(inherited)",
				);
				GCC_WARN_64_TO_32_BIT_CONVERSION = YES;
				GCC_WARN_ABOUT_RETURN_TYPE = YES_ERROR;
				GCC_WARN_UNDECLARED_SELECTOR = YES;
				GCC_WARN_UNINITIALIZED_AUTOS = YES_AGGRESSIVE;
				GCC_WARN_UNUSED_FUNCTION = YES;
				GCC_WARN_UNUSED_VARIABLE = YES;
				IPHONEOS_DEPLOYMENT_TARGET = 11.4;
				MTL_ENABLE_DEBUG_INFO = YES;
				ONLY_ACTIVE_ARCH = YES;
				SDKROOT = iphoneos;
			};
			name = Debug;
		};
		A491607C21154522000B7BA6 /* Release */ = {
			isa = XCBuildConfiguration;
			buildSettings = {
				ALWAYS_SEARCH_USER_PATHS = NO;
				CLANG_ANALYZER_NONNULL = YES;
				CLANG_ANALYZER_NUMBER_OBJECT_CONVERSION = YES_AGGRESSIVE;
				CLANG_CXX_LANGUAGE_STANDARD = "gnu++14";
				CLANG_CXX_LIBRARY = "libc++";
				CLANG_ENABLE_MODULES = YES;
				CLANG_ENABLE_OBJC_ARC = YES;
				CLANG_ENABLE_OBJC_WEAK = YES;
				CLANG_WARN_BLOCK_CAPTURE_AUTORELEASING = YES;
				CLANG_WARN_BOOL_CONVERSION = YES;
				CLANG_WARN_COMMA = YES;
				CLANG_WARN_CONSTANT_CONVERSION = YES;
				CLANG_WARN_DEPRECATED_OBJC_IMPLEMENTATIONS = YES;
				CLANG_WARN_DIRECT_OBJC_ISA_USAGE = YES_ERROR;
				CLANG_WARN_DOCUMENTATION_COMMENTS = YES;
				CLANG_WARN_EMPTY_BODY = YES;
				CLANG_WARN_ENUM_CONVERSION = YES;
				CLANG_WARN_INFINITE_RECURSION = YES;
				CLANG_WARN_INT_CONVERSION = YES;
				CLANG_WARN_NON_LITERAL_NULL_CONVERSION = YES;
				CLANG_WARN_OBJC_IMPLICIT_RETAIN_SELF = YES;
				CLANG_WARN_OBJC_LITERAL_CONVERSION = YES;
				CLANG_WARN_OBJC_ROOT_CLASS = YES_ERROR;
				CLANG_WARN_RANGE_LOOP_ANALYSIS = YES;
				CLANG_WARN_STRICT_PROTOTYPES = YES;
				CLANG_WARN_SUSPICIOUS_MOVE = YES;
				CLANG_WARN_UNGUARDED_AVAILABILITY = YES_AGGRESSIVE;
				CLANG_WARN_UNREACHABLE_CODE = YES;
				CLANG_WARN__DUPLICATE_METHOD_MATCH = YES;
				CODE_SIGN_IDENTITY = "iPhone Developer";
				COPY_PHASE_STRIP = NO;
				DEBUG_INFORMATION_FORMAT = "dwarf-with-dsym";
				ENABLE_NS_ASSERTIONS = NO;
				ENABLE_STRICT_OBJC_MSGSEND = YES;
				GCC_C_LANGUAGE_STANDARD = gnu11;
				GCC_NO_COMMON_BLOCKS = YES;
				GCC_WARN_64_TO_32_BIT_CONVERSION = YES;
				GCC_WARN_ABOUT_RETURN_TYPE = YES_ERROR;
				GCC_WARN_UNDECLARED_SELECTOR = YES;
				GCC_WARN_UNINITIALIZED_AUTOS = YES_AGGRESSIVE;
				GCC_WARN_UNUSED_FUNCTION = YES;
				GCC_WARN_UNUSED_VARIABLE = YES;
				IPHONEOS_DEPLOYMENT_TARGET = 11.4;
				MTL_ENABLE_DEBUG_INFO = NO;
				SDKROOT = iphoneos;
				VALIDATE_PRODUCT = YES;
			};
			name = Release;
		};
		A491607E21154522000B7BA6 /* Debug */ = {
			isa = XCBuildConfiguration;
			buildSettings = {
				ASSETCATALOG_COMPILER_APPICON_NAME = AppIcon;
				CODE_SIGN_STYLE = Automatic;
				DEVELOPMENT_TEAM = HU7XTQSZ6Z;
				INFOPLIST_FILE = UITableViewPreloading/Info.plist;
				LD_RUNPATH_SEARCH_PATHS = (
					"$(inherited)",
					"@executable_path/Frameworks",
				);
				PRODUCT_BUNDLE_IDENTIFIER = com.ideerpark.UITableViewPreloading;
				PRODUCT_NAME = "$(TARGET_NAME)";
				TARGETED_DEVICE_FAMILY = "1,2";
			};
			name = Debug;
		};
		A491607F21154522000B7BA6 /* Release */ = {
			isa = XCBuildConfiguration;
			buildSettings = {
				ASSETCATALOG_COMPILER_APPICON_NAME = AppIcon;
				CODE_SIGN_STYLE = Automatic;
				DEVELOPMENT_TEAM = HU7XTQSZ6Z;
				INFOPLIST_FILE = UITableViewPreloading/Info.plist;
				LD_RUNPATH_SEARCH_PATHS = (
					"$(inherited)",
					"@executable_path/Frameworks",
				);
				PRODUCT_BUNDLE_IDENTIFIER = com.ideerpark.UITableViewPreloading;
				PRODUCT_NAME = "$(TARGET_NAME)";
				TARGETED_DEVICE_FAMILY = "1,2";
			};
			name = Release;
		};
		A491608121154522000B7BA6 /* Debug */ = {
			isa = XCBuildConfiguration;
			buildSettings = {
				BUNDLE_LOADER = "$(TEST_HOST)";
				CODE_SIGN_STYLE = Automatic;
				DEVELOPMENT_TEAM = HU7XTQSZ6Z;
				INFOPLIST_FILE = UITableViewPreloadingTests/Info.plist;
				LD_RUNPATH_SEARCH_PATHS = (
					"$(inherited)",
					"@executable_path/Frameworks",
					"@loader_path/Frameworks",
				);
				PRODUCT_BUNDLE_IDENTIFIER = com.ideerpark.UITableViewPreloadingTests;
				PRODUCT_NAME = "$(TARGET_NAME)";
				TARGETED_DEVICE_FAMILY = "1,2";
				TEST_HOST = "$(BUILT_PRODUCTS_DIR)/UITableViewPreloading.app/UITableViewPreloading";
			};
			name = Debug;
		};
		A491608221154522000B7BA6 /* Release */ = {
			isa = XCBuildConfiguration;
			buildSettings = {
				BUNDLE_LOADER = "$(TEST_HOST)";
				CODE_SIGN_STYLE = Automatic;
				DEVELOPMENT_TEAM = HU7XTQSZ6Z;
				INFOPLIST_FILE = UITableViewPreloadingTests/Info.plist;
				LD_RUNPATH_SEARCH_PATHS = (
					"$(inherited)",
					"@executable_path/Frameworks",
					"@loader_path/Frameworks",
				);
				PRODUCT_BUNDLE_IDENTIFIER = com.ideerpark.UITableViewPreloadingTests;
				PRODUCT_NAME = "$(TARGET_NAME)";
				TARGETED_DEVICE_FAMILY = "1,2";
				TEST_HOST = "$(BUILT_PRODUCTS_DIR)/UITableViewPreloading.app/UITableViewPreloading";
			};
			name = Release;
		};
		A491608421154522000B7BA6 /* Debug */ = {
			isa = XCBuildConfiguration;
			buildSettings = {
				CODE_SIGN_STYLE = Automatic;
				DEVELOPMENT_TEAM = HU7XTQSZ6Z;
				INFOPLIST_FILE = UITableViewPreloadingUITests/Info.plist;
				LD_RUNPATH_SEARCH_PATHS = (
					"$(inherited)",
					"@executable_path/Frameworks",
					"@loader_path/Frameworks",
				);
				PRODUCT_BUNDLE_IDENTIFIER = com.ideerpark.UITableViewPreloadingUITests;
				PRODUCT_NAME = "$(TARGET_NAME)";
				TARGETED_DEVICE_FAMILY = "1,2";
				TEST_TARGET_NAME = UITableViewPreloading;
			};
			name = Debug;
		};
		A491608521154522000B7BA6 /* Release */ = {
			isa = XCBuildConfiguration;
			buildSettings = {
				CODE_SIGN_STYLE = Automatic;
				DEVELOPMENT_TEAM = HU7XTQSZ6Z;
				INFOPLIST_FILE = UITableViewPreloadingUITests/Info.plist;
				LD_RUNPATH_SEARCH_PATHS = (
					"$(inherited)",
					"@executable_path/Frameworks",
					"@loader_path/Frameworks",
				);
				PRODUCT_BUNDLE_IDENTIFIER = com.ideerpark.UITableViewPreloadingUITests;
				PRODUCT_NAME = "$(TARGET_NAME)";
				TARGETED_DEVICE_FAMILY = "1,2";
				TEST_TARGET_NAME = UITableViewPreloading;
			};
			name = Release;
		};
/* End XCBuildConfiguration section */

/* Begin XCConfigurationList section */
		A491604C21154521000B7BA6 /* Build configuration list for PBXProject "UITableViewPreloading" */ = {
			isa = XCConfigurationList;
			buildConfigurations = (
				A491607B21154522000B7BA6 /* Debug */,
				A491607C21154522000B7BA6 /* Release */,
			);
			defaultConfigurationIsVisible = 0;
			defaultConfigurationName = Release;
		};
		A491607D21154522000B7BA6 /* Build configuration list for PBXNativeTarget "UITableViewPreloading" */ = {
			isa = XCConfigurationList;
			buildConfigurations = (
				A491607E21154522000B7BA6 /* Debug */,
				A491607F21154522000B7BA6 /* Release */,
			);
			defaultConfigurationIsVisible = 0;
			defaultConfigurationName = Release;
		};
		A491608021154522000B7BA6 /* Build configuration list for PBXNativeTarget "UITableViewPreloadingTests" */ = {
			isa = XCConfigurationList;
			buildConfigurations = (
				A491608121154522000B7BA6 /* Debug */,
				A491608221154522000B7BA6 /* Release */,
			);
			defaultConfigurationIsVisible = 0;
			defaultConfigurationName = Release;
		};
		A491608321154522000B7BA6 /* Build configuration list for PBXNativeTarget "UITableViewPreloadingUITests" */ = {
			isa = XCConfigurationList;
			buildConfigurations = (
				A491608421154522000B7BA6 /* Debug */,
				A491608521154522000B7BA6 /* Release */,
			);
			defaultConfigurationIsVisible = 0;
			defaultConfigurationName = Release;
		};
/* End XCConfigurationList section */
	};
	rootObject = A491604921154521000B7BA6 /* Project object */;
}
